{
  "name": "cpu",
  "version": "1.0.0",
  "lockfileVersion": 2,
  "requires": true,
  "packages": {
    "": {
      "name": "cpu",
      "version": "1.0.0",
      "license": "ISC",
      "dependencies": {
        "node-console-input": "^1.1.1"
      }
    },
    "node_modules/node-console-input": {
      "version": "1.1.1",
      "resolved": "https://registry.npmjs.org/node-console-input/-/node-console-input-1.1.1.tgz",
      "integrity": "sha512-kpvynwJzePRmuTkieCry885F+OgrtG7lbDsuE8XS7oUX8AuMsBN0+XLDBaOs4xngU2KMaL3U2meyP7IUJS7kMw==",
      "dependencies": {
        "readline-sync": "^1.4.7"
      }
    },
    "node_modules/readline-sync": {
      "version": "1.4.10",
      "resolved": "https://registry.npmjs.org/readline-sync/-/readline-sync-1.4.10.tgz",
      "integrity": "sha512-gNva8/6UAe8QYepIQH/jQ2qn91Qj0B9sYjMBBs3QOB8F2CXcKgLxQaJRP76sWVRQt+QU+8fAkCbCvjjMFu7Ycw==",
      "engines": {
        "node": ">= 0.8.0"
      }
    }
  },
  "dependencies": {
    "node-console-input": {
      "version": "1.1.1",
      "resolved": "https://registry.npmjs.org/node-console-input/-/node-console-input-1.1.1.tgz",
      "integrity": "sha512-kpvynwJzePRmuTkieCry885F+OgrtG7lbDsuE8XS7oUX8AuMsBN0+XLDBaOs4xngU2KMaL3U2meyP7IUJS7kMw==",
      "requires": {
        "readline-sync": "^1.4.7"
      }
    },
    "readline-sync": {
      "version": "1.4.10",
      "resolved": "https://registry.npmjs.org/readline-sync/-/readline-sync-1.4.10.tgz",
      "integrity": "sha512-gNva8/6UAe8QYepIQH/jQ2qn91Qj0B9sYjMBBs3QOB8F2CXcKgLxQaJRP76sWVRQt+QU+8fAkCbCvjjMFu7Ycw=="
    }
  }
}
